
Microsoft Visual Studio Solution File, Format Version 12.00
# Visual Studio Version 17
VisualStudioVersion = 17.0.31903.59
MinimumVisualStudioVersion = 10.0.40219.1
Project("{FAE04EC0-301F-11D3-BF4B-00C04F79EFBC}") = "Motorsazan.CustomersApp.Api", "Motorsazan.CustomersApp.Api\Motorsazan.CustomersApp.Api.csproj", "{95C40E7A-183B-4DD4-95C3-B105FA5AA768}"
EndProject
Project("{9A19103F-16F7-4668-BE54-9A1E7A4F7556}") = "Motorsazan.CustomersApp.Shared", "Motorsazan.CustomersApp.Shared\Motorsazan.CustomersApp.Shared.csproj", "{2F56397D-6508-41A2-9526-E39F588C37B9}"
EndProject
Project("{2150E333-8FDC-42A3-9474-1A3956D46DE8}") = "Mobile", "Mobile", "{016FC917-DB74-4417-BC9E-6DFD1BA5E2B9}"
EndProject
Project("{9A19103F-16F7-4668-BE54-9A1E7A4F7556}") = "Motorsazan.CustomersApp", "Motorsazan.CustomersApp\Motorsazan.CustomersApp.csproj", "{E2447F35-C927-42EA-8EA6-7F28CA117981}"
EndProject
Project("{FAE04EC0-301F-11D3-BF4B-00C04F79EFBC}") = "Motorsazan.CustomersApp.Android", "Motorsazan.CustomersApp.Android\Motorsazan.CustomersApp.Android.csproj", "{8E795324-CA66-4DD8-ACDC-13F6BB174CE6}"
EndProject
Project("{FAE04EC0-301F-11D3-BF4B-00C04F79EFBC}") = "Motorsazan.CustomersApp.iOS", "Motorsazan.CustomersApp.iOS\Motorsazan.CustomersApp.iOS.csproj", "{A91CD64A-5563-4483-9C39-A53313E936C0}"
EndProject
Project("{FAE04EC0-301F-11D3-BF4B-00C04F79EFBC}") = "Motorsazan.CustomersApp.UWP", "Motorsazan.CustomersApp.UWP\Motorsazan.CustomersApp.UWP.csproj", "{7890D34F-2B2F-40F8-BD45-AF913E86FE31}"
EndProject
Global
	GlobalSection(SolutionConfigurationPlatforms) = preSolution
		Debug|Any CPU = Debug|Any CPU
		Debug|ARM = Debug|ARM
		Debug|iPhone = Debug|iPhone
		Debug|iPhoneSimulator = Debug|iPhoneSimulator
		Debug|x64 = Debug|x64
		Debug|x86 = Debug|x86
		Release|Any CPU = Release|Any CPU
		Release|ARM = Release|ARM
		Release|iPhone = Release|iPhone
		Release|iPhoneSimulator = Release|iPhoneSimulator
		Release|x64 = Release|x64
		Release|x86 = Release|x86
	EndGlobalSection
	GlobalSection(ProjectConfigurationPlatforms) = postSolution
		{95C40E7A-183B-4DD4-95C3-B105FA5AA768}.Debug|Any CPU.ActiveCfg = Debug|Any CPU
		{95C40E7A-183B-4DD4-95C3-B105FA5AA768}.Debug|Any CPU.Build.0 = Debug|Any CPU
		{95C40E7A-183B-4DD4-95C3-B105FA5AA768}.Debug|ARM.ActiveCfg = Debug|Any CPU
		{95C40E7A-183B-4DD4-95C3-B105FA5AA768}.Debug|ARM.Build.0 = Debug|Any CPU
		{95C40E7A-183B-4DD4-95C3-B105FA5AA768}.Debug|iPhone.ActiveCfg = Debug|Any CPU
		{95C40E7A-183B-4DD4-95C3-B105FA5AA768}.Debug|iPhone.Build.0 = Debug|Any CPU
		{95C40E7A-183B-4DD4-95C3-B105FA5AA768}.Debug|iPhoneSimulator.ActiveCfg = Debug|Any CPU
		{95C40E7A-183B-4DD4-95C3-B105FA5AA768}.Debug|iPhoneSimulator.Build.0 = Debug|Any CPU
		{95C40E7A-183B-4DD4-95C3-B105FA5AA768}.Debug|x64.ActiveCfg = Debug|Any CPU
		{95C40E7A-183B-4DD4-95C3-B105FA5AA768}.Debug|x64.Build.0 = Debug|Any CPU
		{95C40E7A-183B-4DD4-95C3-B105FA5AA768}.Debug|x86.ActiveCfg = Debug|Any CPU
		{95C40E7A-183B-4DD4-95C3-B105FA5AA768}.Debug|x86.Build.0 = Debug|Any CPU
		{95C40E7A-183B-4DD4-95C3-B105FA5AA768}.Release|Any CPU.ActiveCfg = Release|Any CPU
		{95C40E7A-183B-4DD4-95C3-B105FA5AA768}.Release|Any CPU.Build.0 = Release|Any CPU
		{95C40E7A-183B-4DD4-95C3-B105FA5AA768}.Release|ARM.ActiveCfg = Release|Any CPU
		{95C40E7A-183B-4DD4-95C3-B105FA5AA768}.Release|ARM.Build.0 = Release|Any CPU
		{95C40E7A-183B-4DD4-95C3-B105FA5AA768}.Release|iPhone.ActiveCfg = Release|Any CPU
		{95C40E7A-183B-4DD4-95C3-B105FA5AA768}.Release|iPhone.Build.0 = Release|Any CPU
		{95C40E7A-183B-4DD4-95C3-B105FA5AA768}.Release|iPhoneSimulator.ActiveCfg = Release|Any CPU
		{95C40E7A-183B-4DD4-95C3-B105FA5AA768}.Release|iPhoneSimulator.Build.0 = Release|Any CPU
		{95C40E7A-183B-4DD4-95C3-B105FA5AA768}.Release|x64.ActiveCfg = Release|Any CPU
		{95C40E7A-183B-4DD4-95C3-B105FA5AA768}.Release|x64.Build.0 = Release|Any CPU
		{95C40E7A-183B-4DD4-95C3-B105FA5AA768}.Release|x86.ActiveCfg = Release|Any CPU
		{95C40E7A-183B-4DD4-95C3-B105FA5AA768}.Release|x86.Build.0 = Release|Any CPU
		{2F56397D-6508-41A2-9526-E39F588C37B9}.Debug|Any CPU.ActiveCfg = Debug|Any CPU
		{2F56397D-6508-41A2-9526-E39F588C37B9}.Debug|Any CPU.Build.0 = Debug|Any CPU
		{2F56397D-6508-41A2-9526-E39F588C37B9}.Debug|ARM.ActiveCfg = Debug|Any CPU
		{2F56397D-6508-41A2-9526-E39F588C37B9}.Debug|ARM.Build.0 = Debug|Any CPU
		{2F56397D-6508-41A2-9526-E39F588C37B9}.Debug|iPhone.ActiveCfg = Debug|Any CPU
		{2F56397D-6508-41A2-9526-E39F588C37B9}.Debug|iPhone.Build.0 = Debug|Any CPU
		{2F56397D-6508-41A2-9526-E39F588C37B9}.Debug|iPhoneSimulator.ActiveCfg = Debug|Any CPU
		{2F56397D-6508-41A2-9526-E39F588C37B9}.Debug|iPhoneSimulator.Build.0 = Debug|Any CPU
		{2F56397D-6508-41A2-9526-E39F588C37B9}.Debug|x64.ActiveCfg = Debug|Any CPU
		{2F56397D-6508-41A2-9526-E39F588C37B9}.Debug|x64.Build.0 = Debug|Any CPU
		{2F56397D-6508-41A2-9526-E39F588C37B9}.Debug|x86.ActiveCfg = Debug|Any CPU
		{2F56397D-6508-41A2-9526-E39F588C37B9}.Debug|x86.Build.0 = Debug|Any CPU
		{2F56397D-6508-41A2-9526-E39F588C37B9}.Release|Any CPU.ActiveCfg = Release|Any CPU
		{2F56397D-6508-41A2-9526-E39F588C37B9}.Release|Any CPU.Build.0 = Release|Any CPU
		{2F56397D-6508-41A2-9526-E39F588C37B9}.Release|ARM.ActiveCfg = Release|Any CPU
		{2F56397D-6508-41A2-9526-E39F588C37B9}.Release|ARM.Build.0 = Release|Any CPU
		{2F56397D-6508-41A2-9526-E39F588C37B9}.Release|iPhone.ActiveCfg = Release|Any CPU
		{2F56397D-6508-41A2-9526-E39F588C37B9}.Release|iPhone.Build.0 = Release|Any CPU
		{2F56397D-6508-41A2-9526-E39F588C37B9}.Release|iPhoneSimulator.ActiveCfg = Release|Any CPU
		{2F56397D-6508-41A2-9526-E39F588C37B9}.Release|iPhoneSimulator.Build.0 = Release|Any CPU
		{2F56397D-6508-41A2-9526-E39F588C37B9}.Release|x64.ActiveCfg = Release|Any CPU
		{2F56397D-6508-41A2-9526-E39F588C37B9}.Release|x64.Build.0 = Release|Any CPU
		{2F56397D-6508-41A2-9526-E39F588C37B9}.Release|x86.ActiveCfg = Release|Any CPU
		{2F56397D-6508-41A2-9526-E39F588C37B9}.Release|x86.Build.0 = Release|Any CPU
		{E2447F35-C927-42EA-8EA6-7F28CA117981}.Debug|Any CPU.ActiveCfg = Debug|Any CPU
		{E2447F35-C927-42EA-8EA6-7F28CA117981}.Debug|Any CPU.Build.0 = Debug|Any CPU
		{E2447F35-C927-42EA-8EA6-7F28CA117981}.Debug|ARM.ActiveCfg = Debug|Any CPU
		{E2447F35-C927-42EA-8EA6-7F28CA117981}.Debug|ARM.Build.0 = Debug|Any CPU
		{E2447F35-C927-42EA-8EA6-7F28CA117981}.Debug|iPhone.ActiveCfg = Debug|Any CPU
		{E2447F35-C927-42EA-8EA6-7F28CA117981}.Debug|iPhone.Build.0 = Debug|Any CPU
		{E2447F35-C927-42EA-8EA6-7F28CA117981}.Debug|iPhoneSimulator.ActiveCfg = Debug|Any CPU
		{E2447F35-C927-42EA-8EA6-7F28CA117981}.Debug|iPhoneSimulator.Build.0 = Debug|Any CPU
		{E2447F35-C927-42EA-8EA6-7F28CA117981}.Debug|x64.ActiveCfg = Debug|Any CPU
		{E2447F35-C927-42EA-8EA6-7F28CA117981}.Debug|x64.Build.0 = Debug|Any CPU
		{E2447F35-C927-42EA-8EA6-7F28CA117981}.Debug|x86.ActiveCfg = Debug|Any CPU
		{E2447F35-C927-42EA-8EA6-7F28CA117981}.Debug|x86.Build.0 = Debug|Any CPU
		{E2447F35-C927-42EA-8EA6-7F28CA117981}.Release|Any CPU.ActiveCfg = Release|Any CPU
		{E2447F35-C927-42EA-8EA6-7F28CA117981}.Release|Any CPU.Build.0 = Release|Any CPU
		{E2447F35-C927-42EA-8EA6-7F28CA117981}.Release|ARM.ActiveCfg = Release|Any CPU
		{E2447F35-C927-42EA-8EA6-7F28CA117981}.Release|ARM.Build.0 = Release|Any CPU
		{E2447F35-C927-42EA-8EA6-7F28CA117981}.Release|iPhone.ActiveCfg = Release|Any CPU
		{E2447F35-C927-42EA-8EA6-7F28CA117981}.Release|iPhone.Build.0 = Release|Any CPU
		{E2447F35-C927-42EA-8EA6-7F28CA117981}.Release|iPhoneSimulator.ActiveCfg = Release|Any CPU
		{E2447F35-C927-42EA-8EA6-7F28CA117981}.Release|iPhoneSimulator.Build.0 = Release|Any CPU
		{E2447F35-C927-42EA-8EA6-7F28CA117981}.Release|x64.ActiveCfg = Release|Any CPU
		{E2447F35-C927-42EA-8EA6-7F28CA117981}.Release|x64.Build.0 = Release|Any CPU
		{E2447F35-C927-42EA-8EA6-7F28CA117981}.Release|x86.ActiveCfg = Release|Any CPU
		{E2447F35-C927-42EA-8EA6-7F28CA117981}.Release|x86.Build.0 = Release|Any CPU
		{8E795324-CA66-4DD8-ACDC-13F6BB174CE6}.Debug|Any CPU.ActiveCfg = Debug|Any CPU
		{8E795324-CA66-4DD8-ACDC-13F6BB174CE6}.Debug|Any CPU.Build.0 = Debug|Any CPU
		{8E795324-CA66-4DD8-ACDC-13F6BB174CE6}.Debug|Any CPU.Deploy.0 = Debug|Any CPU
		{8E795324-CA66-4DD8-ACDC-13F6BB174CE6}.Debug|ARM.ActiveCfg = Debug|Any CPU
		{8E795324-CA66-4DD8-ACDC-13F6BB174CE6}.Debug|ARM.Build.0 = Debug|Any CPU
		{8E795324-CA66-4DD8-ACDC-13F6BB174CE6}.Debug|ARM.Deploy.0 = Debug|Any CPU
		{8E795324-CA66-4DD8-ACDC-13F6BB174CE6}.Debug|iPhone.ActiveCfg = Debug|Any CPU
		{8E795324-CA66-4DD8-ACDC-13F6BB174CE6}.Debug|iPhone.Build.0 = Debug|Any CPU
		{8E795324-CA66-4DD8-ACDC-13F6BB174CE6}.Debug|iPhone.Deploy.0 = Debug|Any CPU
		{8E795324-CA66-4DD8-ACDC-13F6BB174CE6}.Debug|iPhoneSimulator.ActiveCfg = Debug|Any CPU
		{8E795324-CA66-4DD8-ACDC-13F6BB174CE6}.Debug|iPhoneSimulator.Build.0 = Debug|Any CPU
		{8E795324-CA66-4DD8-ACDC-13F6BB174CE6}.Debug|iPhoneSimulator.Deploy.0 = Debug|Any CPU
		{8E795324-CA66-4DD8-ACDC-13F6BB174CE6}.Debug|x64.ActiveCfg = Debug|Any CPU
		{8E795324-CA66-4DD8-ACDC-13F6BB174CE6}.Debug|x64.Build.0 = Debug|Any CPU
		{8E795324-CA66-4DD8-ACDC-13F6BB174CE6}.Debug|x64.Deploy.0 = Debug|Any CPU
		{8E795324-CA66-4DD8-ACDC-13F6BB174CE6}.Debug|x86.ActiveCfg = Debug|Any CPU
		{8E795324-CA66-4DD8-ACDC-13F6BB174CE6}.Debug|x86.Build.0 = Debug|Any CPU
		{8E795324-CA66-4DD8-ACDC-13F6BB174CE6}.Debug|x86.Deploy.0 = Debug|Any CPU
		{8E795324-CA66-4DD8-ACDC-13F6BB174CE6}.Release|Any CPU.ActiveCfg = Release|Any CPU
		{8E795324-CA66-4DD8-ACDC-13F6BB174CE6}.Release|Any CPU.Build.0 = Release|Any CPU
		{8E795324-CA66-4DD8-ACDC-13F6BB174CE6}.Release|Any CPU.Deploy.0 = Release|Any CPU
		{8E795324-CA66-4DD8-ACDC-13F6BB174CE6}.Release|ARM.ActiveCfg = Release|Any CPU
		{8E795324-CA66-4DD8-ACDC-13F6BB174CE6}.Release|ARM.Build.0 = Release|Any CPU
		{8E795324-CA66-4DD8-ACDC-13F6BB174CE6}.Release|ARM.Deploy.0 = Release|Any CPU
		{8E795324-CA66-4DD8-ACDC-13F6BB174CE6}.Release|iPhone.ActiveCfg = Release|Any CPU
		{8E795324-CA66-4DD8-ACDC-13F6BB174CE6}.Release|iPhone.Build.0 = Release|Any CPU
		{8E795324-CA66-4DD8-ACDC-13F6BB174CE6}.Release|iPhone.Deploy.0 = Release|Any CPU
		{8E795324-CA66-4DD8-ACDC-13F6BB174CE6}.Release|iPhoneSimulator.ActiveCfg = Release|Any CPU
		{8E795324-CA66-4DD8-ACDC-13F6BB174CE6}.Release|iPhoneSimulator.Build.0 = Release|Any CPU
		{8E795324-CA66-4DD8-ACDC-13F6BB174CE6}.Release|iPhoneSimulator.Deploy.0 = Release|Any CPU
		{8E795324-CA66-4DD8-ACDC-13F6BB174CE6}.Release|x64.ActiveCfg = Release|Any CPU
		{8E795324-CA66-4DD8-ACDC-13F6BB174CE6}.Release|x64.Build.0 = Release|Any CPU
		{8E795324-CA66-4DD8-ACDC-13F6BB174CE6}.Release|x64.Deploy.0 = Release|Any CPU
		{8E795324-CA66-4DD8-ACDC-13F6BB174CE6}.Release|x86.ActiveCfg = Release|Any CPU
		{8E795324-CA66-4DD8-ACDC-13F6BB174CE6}.Release|x86.Build.0 = Release|Any CPU
		{8E795324-CA66-4DD8-ACDC-13F6BB174CE6}.Release|x86.Deploy.0 = Release|Any CPU
		{A91CD64A-5563-4483-9C39-A53313E936C0}.Debug|Any CPU.ActiveCfg = Debug|iPhoneSimulator
		{A91CD64A-5563-4483-9C39-A53313E936C0}.Debug|Any CPU.Build.0 = Debug|iPhoneSimulator
		{A91CD64A-5563-4483-9C39-A53313E936C0}.Debug|ARM.ActiveCfg = Debug|iPhoneSimulator
		{A91CD64A-5563-4483-9C39-A53313E936C0}.Debug|ARM.Build.0 = Debug|iPhoneSimulator
		{A91CD64A-5563-4483-9C39-A53313E936C0}.Debug|iPhone.ActiveCfg = Debug|iPhone
		{A91CD64A-5563-4483-9C39-A53313E936C0}.Debug|iPhone.Build.0 = Debug|iPhone
		{A91CD64A-5563-4483-9C39-A53313E936C0}.Debug|iPhoneSimulator.ActiveCfg = Debug|iPhoneSimulator
		{A91CD64A-5563-4483-9C39-A53313E936C0}.Debug|iPhoneSimulator.Build.0 = Debug|iPhoneSimulator
		{A91CD64A-5563-4483-9C39-A53313E936C0}.Debug|x64.ActiveCfg = Debug|iPhoneSimulator
		{A91CD64A-5563-4483-9C39-A53313E936C0}.Debug|x64.Build.0 = Debug|iPhoneSimulator
		{A91CD64A-5563-4483-9C39-A53313E936C0}.Debug|x86.ActiveCfg = Debug|iPhoneSimulator
		{A91CD64A-5563-4483-9C39-A53313E936C0}.Debug|x86.Build.0 = Debug|iPhoneSimulator
		{A91CD64A-5563-4483-9C39-A53313E936C0}.Release|Any CPU.ActiveCfg = Release|iPhoneSimulator
		{A91CD64A-5563-4483-9C39-A53313E936C0}.Release|Any CPU.Build.0 = Release|iPhoneSimulator
		{A91CD64A-5563-4483-9C39-A53313E936C0}.Release|ARM.ActiveCfg = Release|iPhoneSimulator
		{A91CD64A-5563-4483-9C39-A53313E936C0}.Release|ARM.Build.0 = Release|iPhoneSimulator
		{A91CD64A-5563-4483-9C39-A53313E936C0}.Release|iPhone.ActiveCfg = Release|iPhone
		{A91CD64A-5563-4483-9C39-A53313E936C0}.Release|iPhone.Build.0 = Release|iPhone
		{A91CD64A-5563-4483-9C39-A53313E936C0}.Release|iPhoneSimulator.ActiveCfg = Release|iPhoneSimulator
		{A91CD64A-5563-4483-9C39-A53313E936C0}.Release|iPhoneSimulator.Build.0 = Release|iPhoneSimulator
		{A91CD64A-5563-4483-9C39-A53313E936C0}.Release|x64.ActiveCfg = Release|iPhoneSimulator
		{A91CD64A-5563-4483-9C39-A53313E936C0}.Release|x64.Build.0 = Release|iPhoneSimulator
		{A91CD64A-5563-4483-9C39-A53313E936C0}.Release|x86.ActiveCfg = Release|iPhoneSimulator
		{A91CD64A-5563-4483-9C39-A53313E936C0}.Release|x86.Build.0 = Release|iPhoneSimulator
		{7890D34F-2B2F-40F8-BD45-AF913E86FE31}.Debug|Any CPU.ActiveCfg = Debug|x64
		{7890D34F-2B2F-40F8-BD45-AF913E86FE31}.Debug|Any CPU.Build.0 = Debug|x64
		{7890D34F-2B2F-40F8-BD45-AF913E86FE31}.Debug|Any CPU.Deploy.0 = Debug|x64
		{7890D34F-2B2F-40F8-BD45-AF913E86FE31}.Debug|ARM.ActiveCfg = Debug|ARM
		{7890D34F-2B2F-40F8-BD45-AF913E86FE31}.Debug|ARM.Build.0 = Debug|ARM
		{7890D34F-2B2F-40F8-BD45-AF913E86FE31}.Debug|ARM.Deploy.0 = Debug|ARM
		{7890D34F-2B2F-40F8-BD45-AF913E86FE31}.Debug|iPhone.ActiveCfg = Debug|x64
		{7890D34F-2B2F-40F8-BD45-AF913E86FE31}.Debug|iPhone.Build.0 = Debug|x64
		{7890D34F-2B2F-40F8-BD45-AF913E86FE31}.Debug|iPhone.Deploy.0 = Debug|x64
		{7890D34F-2B2F-40F8-BD45-AF913E86FE31}.Debug|iPhoneSimulator.ActiveCfg = Debug|x64
		{7890D34F-2B2F-40F8-BD45-AF913E86FE31}.Debug|iPhoneSimulator.Build.0 = Debug|x64
		{7890D34F-2B2F-40F8-BD45-AF913E86FE31}.Debug|iPhoneSimulator.Deploy.0 = Debug|x64
		{7890D34F-2B2F-40F8-BD45-AF913E86FE31}.Debug|x64.ActiveCfg = Debug|x64
		{7890D34F-2B2F-40F8-BD45-AF913E86FE31}.Debug|x64.Build.0 = Debug|x64
		{7890D34F-2B2F-40F8-BD45-AF913E86FE31}.Debug|x64.Deploy.0 = Debug|x64
		{7890D34F-2B2F-40F8-BD45-AF913E86FE31}.Debug|x86.ActiveCfg = Debug|x86
		{7890D34F-2B2F-40F8-BD45-AF913E86FE31}.Debug|x86.Build.0 = Debug|x86
		{7890D34F-2B2F-40F8-BD45-AF913E86FE31}.Debug|x86.Deploy.0 = Debug|x86
		{7890D34F-2B2F-40F8-BD45-AF913E86FE31}.Release|Any CPU.ActiveCfg = Release|x64
		{7890D34F-2B2F-40F8-BD45-AF913E86FE31}.Release|Any CPU.Build.0 = Release|x64
		{7890D34F-2B2F-40F8-BD45-AF913E86FE31}.Release|Any CPU.Deploy.0 = Release|x64
		{7890D34F-2B2F-40F8-BD45-AF913E86FE31}.Release|ARM.ActiveCfg = Release|ARM
		{7890D34F-2B2F-40F8-BD45-AF913E86FE31}.Release|ARM.Build.0 = Release|ARM
		{7890D34F-2B2F-40F8-BD45-AF913E86FE31}.Release|ARM.Deploy.0 = Release|ARM
		{7890D34F-2B2F-40F8-BD45-AF913E86FE31}.Release|iPhone.ActiveCfg = Release|x64
		{7890D34F-2B2F-40F8-BD45-AF913E86FE31}.Release|iPhone.Build.0 = Release|x64
		{7890D34F-2B2F-40F8-BD45-AF913E86FE31}.Release|iPhone.Deploy.0 = Release|x64
		{7890D34F-2B2F-40F8-BD45-AF913E86FE31}.Release|iPhoneSimulator.ActiveCfg = Release|x64
		{7890D34F-2B2F-40F8-BD45-AF913E86FE31}.Release|iPhoneSimulator.Build.0 = Release|x64
		{7890D34F-2B2F-40F8-BD45-AF913E86FE31}.Release|iPhoneSimulator.Deploy.0 = Release|x64
		{7890D34F-2B2F-40F8-BD45-AF913E86FE31}.Release|x64.ActiveCfg = Release|x64
		{7890D34F-2B2F-40F8-BD45-AF913E86FE31}.Release|x64.Build.0 = Release|x64
		{7890D34F-2B2F-40F8-BD45-AF913E86FE31}.Release|x64.Deploy.0 = Release|x64
		{7890D34F-2B2F-40F8-BD45-AF913E86FE31}.Release|x86.ActiveCfg = Release|x86
		{7890D34F-2B2F-40F8-BD45-AF913E86FE31}.Release|x86.Build.0 = Release|x86
		{7890D34F-2B2F-40F8-BD45-AF913E86FE31}.Release|x86.Deploy.0 = Release|x86
	EndGlobalSection
	GlobalSection(SolutionProperties) = preSolution
		HideSolutionNode = FALSE
	EndGlobalSection
	GlobalSection(NestedProjects) = preSolution
		{E2447F35-C927-42EA-8EA6-7F28CA117981} = {016FC917-DB74-4417-BC9E-6DFD1BA5E2B9}
		{8E795324-CA66-4DD8-ACDC-13F6BB174CE6} = {016FC917-DB74-4417-BC9E-6DFD1BA5E2B9}
		{A91CD64A-5563-4483-9C39-A53313E936C0} = {016FC917-DB74-4417-BC9E-6DFD1BA5E2B9}
		{7890D34F-2B2F-40F8-BD45-AF913E86FE31} = {016FC917-DB74-4417-BC9E-6DFD1BA5E2B9}
	EndGlobalSection
	GlobalSection(ExtensibilityGlobals) = postSolution
		SolutionGuid = {FDC57792-8E7B-417A-8B5E-62D7E5EE13C2}
	EndGlobalSection
EndGlobal
